
Microsoft Visual Studio Solution File, Format Version 12.00
# Visual Studio Version 17
VisualStudioVersion = 17.9.34701.34
MinimumVisualStudioVersion = 10.0.40219.1
Project("{FAE04EC0-301F-11D3-BF4B-00C04F79EFBC}") = "XamEssentExSolution.Android", "XamEssentExSolution.Android\XamEssentExSolution.Android.csproj", "{490969D5-A43B-4C02-803B-AE4B09CA9841}"
EndProject
Project("{FAE04EC0-301F-11D3-BF4B-00C04F79EFBC}") = "XamEssentExSolution.iOS", "XamEssentExSolution.iOS\XamEssentExSolution.iOS.csproj", "{2E5EC375-BE76-4849-A4A0-282227D9FB1F}"
EndProject
Project("{FAE04EC0-301F-11D3-BF4B-00C04F79EFBC}") = "XamEssentExSolution", "XamEssentExSolution\XamEssentExSolution.csproj", "{E2F4F14E-A2DE-4FEC-92FC-B96F05A56AC4}"
EndProject
Global
	GlobalSection(SolutionConfigurationPlatforms) = preSolution
		Debug|Any CPU = Debug|Any CPU
		Debug|iPhone = Debug|iPhone
		Debug|iPhoneSimulator = Debug|iPhoneSimulator
		Release|Any CPU = Release|Any CPU
		Release|iPhone = Release|iPhone
		Release|iPhoneSimulator = Release|iPhoneSimulator
	EndGlobalSection
	GlobalSection(ProjectConfigurationPlatforms) = postSolution
		{490969D5-A43B-4C02-803B-AE4B09CA9841}.Debug|Any CPU.ActiveCfg = Debug|Any CPU
		{490969D5-A43B-4C02-803B-AE4B09CA9841}.Debug|Any CPU.Build.0 = Debug|Any CPU
		{490969D5-A43B-4C02-803B-AE4B09CA9841}.Debug|Any CPU.Deploy.0 = Debug|Any CPU
		{490969D5-A43B-4C02-803B-AE4B09CA9841}.Debug|iPhone.ActiveCfg = Debug|Any CPU
		{490969D5-A43B-4C02-803B-AE4B09CA9841}.Debug|iPhone.Build.0 = Debug|Any CPU
		{490969D5-A43B-4C02-803B-AE4B09CA9841}.Debug|iPhone.Deploy.0 = Debug|Any CPU
		{490969D5-A43B-4C02-803B-AE4B09CA9841}.Debug|iPhoneSimulator.ActiveCfg = Debug|Any CPU
		{490969D5-A43B-4C02-803B-AE4B09CA9841}.Debug|iPhoneSimulator.Build.0 = Debug|Any CPU
		{490969D5-A43B-4C02-803B-AE4B09CA9841}.Debug|iPhoneSimulator.Deploy.0 = Debug|Any CPU
		{490969D5-A43B-4C02-803B-AE4B09CA9841}.Release|Any CPU.ActiveCfg = Release|Any CPU
		{490969D5-A43B-4C02-803B-AE4B09CA9841}.Release|Any CPU.Build.0 = Release|Any CPU
		{490969D5-A43B-4C02-803B-AE4B09CA9841}.Release|Any CPU.Deploy.0 = Release|Any CPU
		{490969D5-A43B-4C02-803B-AE4B09CA9841}.Release|iPhone.ActiveCfg = Release|Any CPU
		{490969D5-A43B-4C02-803B-AE4B09CA9841}.Release|iPhone.Build.0 = Release|Any CPU
		{490969D5-A43B-4C02-803B-AE4B09CA9841}.Release|iPhone.Deploy.0 = Release|Any CPU
		{490969D5-A43B-4C02-803B-AE4B09CA9841}.Release|iPhoneSimulator.ActiveCfg = Release|Any CPU
		{490969D5-A43B-4C02-803B-AE4B09CA9841}.Release|iPhoneSimulator.Build.0 = Release|Any CPU
		{490969D5-A43B-4C02-803B-AE4B09CA9841}.Release|iPhoneSimulator.Deploy.0 = Release|Any CPU
		{2E5EC375-BE76-4849-A4A0-282227D9FB1F}.Debug|Any CPU.ActiveCfg = Debug|iPhone
		{2E5EC375-BE76-4849-A4A0-282227D9FB1F}.Debug|Any CPU.Build.0 = Debug|iPhone
		{2E5EC375-BE76-4849-A4A0-282227D9FB1F}.Debug|Any CPU.Deploy.0 = Debug|iPhone
		{2E5EC375-BE76-4849-A4A0-282227D9FB1F}.Debug|iPhone.ActiveCfg = Debug|iPhone
		{2E5EC375-BE76-4849-A4A0-282227D9FB1F}.Debug|iPhone.Build.0 = Debug|iPhone
		{2E5EC375-BE76-4849-A4A0-282227D9FB1F}.Debug|iPhone.Deploy.0 = Debug|iPhone
		{2E5EC375-BE76-4849-A4A0-282227D9FB1F}.Debug|iPhoneSimulator.ActiveCfg = Debug|iPhoneSimulator
		{2E5EC375-BE76-4849-A4A0-282227D9FB1F}.Debug|iPhoneSimulator.Build.0 = Debug|iPhoneSimulator
		{2E5EC375-BE76-4849-A4A0-282227D9FB1F}.Debug|iPhoneSimulator.Deploy.0 = Debug|iPhoneSimulator
		{2E5EC375-BE76-4849-A4A0-282227D9FB1F}.Release|Any CPU.ActiveCfg = Release|iPhoneSimulator
		{2E5EC375-BE76-4849-A4A0-282227D9FB1F}.Release|Any CPU.Build.0 = Release|iPhoneSimulator
		{2E5EC375-BE76-4849-A4A0-282227D9FB1F}.Release|Any CPU.Deploy.0 = Release|iPhoneSimulator
		{2E5EC375-BE76-4849-A4A0-282227D9FB1F}.Release|iPhone.ActiveCfg = Release|iPhone
		{2E5EC375-BE76-4849-A4A0-282227D9FB1F}.Release|iPhone.Build.0 = Release|iPhone
		{2E5EC375-BE76-4849-A4A0-282227D9FB1F}.Release|iPhone.Deploy.0 = Release|iPhone
		{2E5EC375-BE76-4849-A4A0-282227D9FB1F}.Release|iPhoneSimulator.ActiveCfg = Release|iPhoneSimulator
		{2E5EC375-BE76-4849-A4A0-282227D9FB1F}.Release|iPhoneSimulator.Build.0 = Release|iPhoneSimulator
		{2E5EC375-BE76-4849-A4A0-282227D9FB1F}.Release|iPhoneSimulator.Deploy.0 = Release|iPhoneSimulator
		{E2F4F14E-A2DE-4FEC-92FC-B96F05A56AC4}.Debug|Any CPU.ActiveCfg = Debug|Any CPU
		{E2F4F14E-A2DE-4FEC-92FC-B96F05A56AC4}.Debug|Any CPU.Build.0 = Debug|Any CPU
		{E2F4F14E-A2DE-4FEC-92FC-B96F05A56AC4}.Debug|Any CPU.Deploy.0 = Debug|Any CPU
		{E2F4F14E-A2DE-4FEC-92FC-B96F05A56AC4}.Debug|iPhone.ActiveCfg = Debug|Any CPU
		{E2F4F14E-A2DE-4FEC-92FC-B96F05A56AC4}.Debug|iPhone.Build.0 = Debug|Any CPU
		{E2F4F14E-A2DE-4FEC-92FC-B96F05A56AC4}.Debug|iPhone.Deploy.0 = Debug|Any CPU
		{E2F4F14E-A2DE-4FEC-92FC-B96F05A56AC4}.Debug|iPhoneSimulator.ActiveCfg = Debug|Any CPU
		{E2F4F14E-A2DE-4FEC-92FC-B96F05A56AC4}.Debug|iPhoneSimulator.Build.0 = Debug|Any CPU
		{E2F4F14E-A2DE-4FEC-92FC-B96F05A56AC4}.Debug|iPhoneSimulator.Deploy.0 = Debug|Any CPU
		{E2F4F14E-A2DE-4FEC-92FC-B96F05A56AC4}.Release|Any CPU.ActiveCfg = Release|Any CPU
		{E2F4F14E-A2DE-4FEC-92FC-B96F05A56AC4}.Release|Any CPU.Build.0 = Release|Any CPU
		{E2F4F14E-A2DE-4FEC-92FC-B96F05A56AC4}.Release|Any CPU.Deploy.0 = Release|Any CPU
		{E2F4F14E-A2DE-4FEC-92FC-B96F05A56AC4}.Release|iPhone.ActiveCfg = Release|Any CPU
		{E2F4F14E-A2DE-4FEC-92FC-B96F05A56AC4}.Release|iPhone.Build.0 = Release|Any CPU
		{E2F4F14E-A2DE-4FEC-92FC-B96F05A56AC4}.Release|iPhone.Deploy.0 = Release|Any CPU
		{E2F4F14E-A2DE-4FEC-92FC-B96F05A56AC4}.Release|iPhoneSimulator.ActiveCfg = Release|Any CPU
		{E2F4F14E-A2DE-4FEC-92FC-B96F05A56AC4}.Release|iPhoneSimulator.Build.0 = Release|Any CPU
		{E2F4F14E-A2DE-4FEC-92FC-B96F05A56AC4}.Release|iPhoneSimulator.Deploy.0 = Release|Any CPU
	EndGlobalSection
	GlobalSection(SolutionProperties) = preSolution
		HideSolutionNode = FALSE
	EndGlobalSection
	GlobalSection(ExtensibilityGlobals) = postSolution
		SolutionGuid = {D7658AED-DA1E-4029-A55F-D53552A15A19}
	EndGlobalSection
EndGlobal
